// !$*UTF8*$!
{
	archiveVersion = 1;
	classes = {
	};
	objectVersion = 77;
	objects = {

/* Begin PBXBuildFile section */
		080725959E27B71E9036F497 /* Models.swift in Sources */ = {isa = PBXBuildFile; fileRef = 19999F859B481B6144BA0B5E /* Models.swift */; };
		08A1FA04DD103B58486DEBE6 /* ContentView.swift in Sources */ = {isa = PBXBuildFile; fileRef = 835DD47D6EBFC062E1012C6C /* ContentView.swift */; };
		153AADB07EAC84218384261C /* Models.swift in Sources */ = {isa = PBXBuildFile; fileRef = 19999F859B481B6144BA0B5E /* Models.swift */; };
		483B7D26CBC3F5A9AEF14F75 /* Assets.xcassets in Resources */ = {isa = PBXBuildFile; fileRef = 7056B9E66DF1CE2894D5C283 /* Assets.xcassets */; };
		72B918DC2606495C0D61CA02 /* Assets.xcassets in Resources */ = {isa = PBXBuildFile; fileRef = 65B07D76EE00B445DCCA84DC /* Assets.xcassets */; };
		A135EE0BCE5570A0F5704383 /* WatchApproveApp.swift in Sources */ = {isa = PBXBuildFile; fileRef = 2AA1686023106A4BA2ADD9D4 /* WatchApproveApp.swift */; };
		A44E2A609FA739394919D624 /* WatchApproveWatch.app in Embed Watch Content */ = {isa = PBXBuildFile; fileRef = E493E45078FE2B5698DFA155 /* WatchApproveWatch.app */; settings = {ATTRIBUTES = (RemoveHeadersOnCopy, ); }; };
		C4941BAC8344B26422314982 /* ContentView.swift in Sources */ = {isa = PBXBuildFile; fileRef = C6FC7BB3A418B66111085FC9 /* ContentView.swift */; };
		C4DC331022358CB9DEBEBA03 /* WebSocketManager.swift in Sources */ = {isa = PBXBuildFile; fileRef = 9444B8E7F3EF8F537064990D /* WebSocketManager.swift */; };
		CA0C53C8EF6D5EF00773F152 /* WatchConnectivityManager.swift in Sources */ = {isa = PBXBuildFile; fileRef = 76A20E53239B7D320A1A113E /* WatchConnectivityManager.swift */; };
		CD0A7A49DAC426356300F4E6 /* PhoneConnectivity.swift in Sources */ = {isa = PBXBuildFile; fileRef = 643066EBEADFEA35526B8B89 /* PhoneConnectivity.swift */; };
		D75679B2B57BCB8A79EE0542 /* WatchApproveWatchApp.swift in Sources */ = {isa = PBXBuildFile; fileRef = 1DBF3350BFBE5EC791E312C5 /* WatchApproveWatchApp.swift */; };
		DA2C64945BE286FDEDE45524 /* NotificationManager.swift in Sources */ = {isa = PBXBuildFile; fileRef = AEC00411B1CEC0CBC63BE2AF /* NotificationManager.swift */; };
		F93D081C36D60977AC8B0F42 /* NotificationManager.swift in Sources */ = {isa = PBXBuildFile; fileRef = AEC00411B1CEC0CBC63BE2AF /* NotificationManager.swift */; };
/* End PBXBuildFile section */

/* Begin PBXContainerItemProxy section */
		0CD6F317FA2756780E486457 /* PBXContainerItemProxy */ = {
			isa = PBXContainerItemProxy;
			containerPortal = 49295282987F264558510D07 /* Project object */;
			proxyType = 1;
			remoteGlobalIDString = 1AA08754B80C54EA808A36B6;
			remoteInfo = WatchApproveWatch;
		};
/* End PBXContainerItemProxy section */

/* Begin PBXCopyFilesBuildPhase section */
		67F846E6118D6F41B82532DE /* Embed Watch Content */ = {
			isa = PBXCopyFilesBuildPhase;
			buildActionMask = 2147483647;
			dstPath = "$(CONTENTS_FOLDER_PATH)/Watch";
			dstSubfolderSpec = 16;
			files = (
				A44E2A609FA739394919D624 /* WatchApproveWatch.app in Embed Watch Content */,
			);
			name = "Embed Watch Content";
			runOnlyForDeploymentPostprocessing = 0;
		};
/* End PBXCopyFilesBuildPhase section */

/* Begin PBXFileReference section */
		045900D89A8B18846EAD0189 /* WatchApprove.app */ = {isa = PBXFileReference; explicitFileType = wrapper.application; includeInIndex = 0; path = WatchApprove.app; sourceTree = BUILT_PRODUCTS_DIR; };
		19999F859B481B6144BA0B5E /* Models.swift */ = {isa = PBXFileReference; lastKnownFileType = sourcecode.swift; path = Models.swift; sourceTree = "<group>"; };
		1DBF3350BFBE5EC791E312C5 /* WatchApproveWatchApp.swift */ = {isa = PBXFileReference; lastKnownFileType = sourcecode.swift; path = WatchApproveWatchApp.swift; sourceTree = "<group>"; };
		27AB53A3F34D5FC667DA769F /* Info.plist */ = {isa = PBXFileReference; lastKnownFileType = text.plist; path = Info.plist; sourceTree = "<group>"; };
		2AA1686023106A4BA2ADD9D4 /* WatchApproveApp.swift */ = {isa = PBXFileReference; lastKnownFileType = sourcecode.swift; path = WatchApproveApp.swift; sourceTree = "<group>"; };
		61EA5C06890E7F1B36F84F4E /* Info.plist */ = {isa = PBXFileReference; lastKnownFileType = text.plist; path = Info.plist; sourceTree = "<group>"; };
		643066EBEADFEA35526B8B89 /* PhoneConnectivity.swift */ = {isa = PBXFileReference; lastKnownFileType = sourcecode.swift; path = PhoneConnectivity.swift; sourceTree = "<group>"; };
		65B07D76EE00B445DCCA84DC /* Assets.xcassets */ = {isa = PBXFileReference; lastKnownFileType = folder.assetcatalog; path = Assets.xcassets; sourceTree = "<group>"; };
		7056B9E66DF1CE2894D5C283 /* Assets.xcassets */ = {isa = PBXFileReference; lastKnownFileType = folder.assetcatalog; path = Assets.xcassets; sourceTree = "<group>"; };
		76A20E53239B7D320A1A113E /* WatchConnectivityManager.swift */ = {isa = PBXFileReference; lastKnownFileType = sourcecode.swift; path = WatchConnectivityManager.swift; sourceTree = "<group>"; };
		835DD47D6EBFC062E1012C6C /* ContentView.swift */ = {isa = PBXFileReference; lastKnownFileType = sourcecode.swift; path = ContentView.swift; sourceTree = "<group>"; };
		9444B8E7F3EF8F537064990D /* WebSocketManager.swift */ = {isa = PBXFileReference; lastKnownFileType = sourcecode.swift; path = WebSocketManager.swift; sourceTree = "<group>"; };
		AEC00411B1CEC0CBC63BE2AF /* NotificationManager.swift */ = {isa = PBXFileReference; lastKnownFileType = sourcecode.swift; path = NotificationManager.swift; sourceTree = "<group>"; };
		C6FC7BB3A418B66111085FC9 /* ContentView.swift */ = {isa = PBXFileReference; lastKnownFileType = sourcecode.swift; path = ContentView.swift; sourceTree = "<group>"; };
		E493E45078FE2B5698DFA155 /* WatchApproveWatch.app */ = {isa = PBXFileReference; explicitFileType = wrapper.application; includeInIndex = 0; path = WatchApproveWatch.app; sourceTree = BUILT_PRODUCTS_DIR; };
/* End PBXFileReference section */

/* Begin PBXGroup section */
		4F7177085C496B94DB54097B /* WatchApproveWatch */ = {
			isa = PBXGroup;
			children = (
				65B07D76EE00B445DCCA84DC /* Assets.xcassets */,
				835DD47D6EBFC062E1012C6C /* ContentView.swift */,
				61EA5C06890E7F1B36F84F4E /* Info.plist */,
				1DBF3350BFBE5EC791E312C5 /* WatchApproveWatchApp.swift */,
				76A20E53239B7D320A1A113E /* WatchConnectivityManager.swift */,
			);
			name = WatchApproveWatch;
			path = ios/WatchApproveWatch;
			sourceTree = "<group>";
		};
		87B994FE0E0963D23D6BDE4F /* Shared */ = {
			isa = PBXGroup;
			children = (
				19999F859B481B6144BA0B5E /* Models.swift */,
				AEC00411B1CEC0CBC63BE2AF /* NotificationManager.swift */,
			);
			name = Shared;
			path = ios/Shared;
			sourceTree = "<group>";
		};
		B6C8557BF63036BBBE01410C /* WatchApprove */ = {
			isa = PBXGroup;
			children = (
				7056B9E66DF1CE2894D5C283 /* Assets.xcassets */,
				C6FC7BB3A418B66111085FC9 /* ContentView.swift */,
				27AB53A3F34D5FC667DA769F /* Info.plist */,
				643066EBEADFEA35526B8B89 /* PhoneConnectivity.swift */,
				2AA1686023106A4BA2ADD9D4 /* WatchApproveApp.swift */,
				9444B8E7F3EF8F537064990D /* WebSocketManager.swift */,
			);
			name = WatchApprove;
			path = ios/WatchApprove;
			sourceTree = "<group>";
		};
		ED0C9A844BE0706C9D910DFE = {
			isa = PBXGroup;
			children = (
				87B994FE0E0963D23D6BDE4F /* Shared */,
				B6C8557BF63036BBBE01410C /* WatchApprove */,
				4F7177085C496B94DB54097B /* WatchApproveWatch */,
				F2E2874B1B6BFD0ADD68F328 /* Products */,
			);
			sourceTree = "<group>";
		};
		F2E2874B1B6BFD0ADD68F328 /* Products */ = {
			isa = PBXGroup;
			children = (
				045900D89A8B18846EAD0189 /* WatchApprove.app */,
				E493E45078FE2B5698DFA155 /* WatchApproveWatch.app */,
			);
			name = Products;
			sourceTree = "<group>";
		};
/* End PBXGroup section */

/* Begin PBXNativeTarget section */
		1AA08754B80C54EA808A36B6 /* WatchApproveWatch */ = {
			isa = PBXNativeTarget;
			buildConfigurationList = FC7817D1E0047957602CA01E /* Build configuration list for PBXNativeTarget "WatchApproveWatch" */;
			buildPhases = (
				44BB4A9010C45A50F080E2F5 /* Sources */,
				68526F892B92A70E19692601 /* Resources */,
			);
			buildRules = (
			);
			dependencies = (
			);
			name = WatchApproveWatch;
			packageProductDependencies = (
			);
			productName = WatchApproveWatch;
			productReference = E493E45078FE2B5698DFA155 /* WatchApproveWatch.app */;
			productType = "com.apple.product-type.application";
		};
		96EC993987C2B31624091AFA /* WatchApprove */ = {
			isa = PBXNativeTarget;
			buildConfigurationList = 5E6FDB4FFFFC4FD9C3F18E74 /* Build configuration list for PBXNativeTarget "WatchApprove" */;
			buildPhases = (
				68A0B1797D4735D6AD8C60C5 /* Sources */,
				C960BE3E1DA0A74EA61E1064 /* Resources */,
				67F846E6118D6F41B82532DE /* Embed Watch Content */,
			);
			buildRules = (
			);
			dependencies = (
				2FDBF03C804CFBC0810A1C84 /* PBXTargetDependency */,
			);
			name = WatchApprove;
			packageProductDependencies = (
			);
			productName = WatchApprove;
			productReference = 045900D89A8B18846EAD0189 /* WatchApprove.app */;
			productType = "com.apple.product-type.application";
		};
/* End PBXNativeTarget section */

/* Begin PBXProject section */
		49295282987F264558510D07 /* Project object */ = {
			isa = PBXProject;
			attributes = {
				BuildIndependentTargetsInParallel = YES;
				LastUpgradeCheck = 1430;
				TargetAttributes = {
					1AA08754B80C54EA808A36B6 = {
						ProvisioningStyle = Automatic;
					};
					96EC993987C2B31624091AFA = {
						ProvisioningStyle = Automatic;
					};
				};
			};
			buildConfigurationList = 152F1C4623B9789AC05DC70C /* Build configuration list for PBXProject "WatchApprove" */;
			developmentRegion = en;
			hasScannedForEncodings = 0;
			knownRegions = (
				Base,
				en,
			);
			mainGroup = ED0C9A844BE0706C9D910DFE;
			minimizedProjectReferenceProxies = 1;
			preferredProjectObjectVersion = 77;
			productRefGroup = F2E2874B1B6BFD0ADD68F328 /* Products */;
			projectDirPath = "";
			projectRoot = "";
			targets = (
				96EC993987C2B31624091AFA /* WatchApprove */,
				1AA08754B80C54EA808A36B6 /* WatchApproveWatch */,
			);
		};
/* End PBXProject section */

/* Begin PBXResourcesBuildPhase section */
		68526F892B92A70E19692601 /* Resources */ = {
			isa = PBXResourcesBuildPhase;
			buildActionMask = 2147483647;
			files = (
				72B918DC2606495C0D61CA02 /* Assets.xcassets in Resources */,
			);
			runOnlyForDeploymentPostprocessing = 0;
		};
		C960BE3E1DA0A74EA61E1064 /* Resources */ = {
			isa = PBXResourcesBuildPhase;
			buildActionMask = 2147483647;
			files = (
				483B7D26CBC3F5A9AEF14F75 /* Assets.xcassets in Resources */,
			);
			runOnlyForDeploymentPostprocessing = 0;
		};
/* End PBXResourcesBuildPhase section */

/* Begin PBXSourcesBuildPhase section */
		44BB4A9010C45A50F080E2F5 /* Sources */ = {
			isa = PBXSourcesBuildPhase;
			buildActionMask = 2147483647;
			files = (
				08A1FA04DD103B58486DEBE6 /* ContentView.swift in Sources */,
				080725959E27B71E9036F497 /* Models.swift in Sources */,
				DA2C64945BE286FDEDE45524 /* NotificationManager.swift in Sources */,
				D75679B2B57BCB8A79EE0542 /* WatchApproveWatchApp.swift in Sources */,
				CA0C53C8EF6D5EF00773F152 /* WatchConnectivityManager.swift in Sources */,
			);
			runOnlyForDeploymentPostprocessing = 0;
		};
		68A0B1797D4735D6AD8C60C5 /* Sources */ = {
			isa = PBXSourcesBuildPhase;
			buildActionMask = 2147483647;
			files = (
				C4941BAC8344B26422314982 /* ContentView.swift in Sources */,
				153AADB07EAC84218384261C /* Models.swift in Sources */,
				F93D081C36D60977AC8B0F42 /* NotificationManager.swift in Sources */,
				CD0A7A49DAC426356300F4E6 /* PhoneConnectivity.swift in Sources */,
				A135EE0BCE5570A0F5704383 /* WatchApproveApp.swift in Sources */,
				C4DC331022358CB9DEBEBA03 /* WebSocketManager.swift in Sources */,
			);
			runOnlyForDeploymentPostprocessing = 0;
		};
/* End PBXSourcesBuildPhase section */

/* Begin PBXTargetDependency section */
		2FDBF03C804CFBC0810A1C84 /* PBXTargetDependency */ = {
			isa = PBXTargetDependency;
			target = 1AA08754B80C54EA808A36B6 /* WatchApproveWatch */;
			targetProxy = 0CD6F317FA2756780E486457 /* PBXContainerItemProxy */;
		};
/* End PBXTargetDependency section */

/* Begin XCBuildConfiguration section */
		83B8B0F7676EA82C4ED8317C /* Release */ = {
			isa = XCBuildConfiguration;
			buildSettings = {
				ASSETCATALOG_COMPILER_APPICON_NAME = AppIcon;
				CODE_SIGN_IDENTITY = "iPhone Developer";
				CODE_SIGN_STYLE = Automatic;
				DEVELOPMENT_TEAM = HA6MF9H3F5;
				GENERATE_INFOPLIST_FILE = YES;
				INFOPLIST_FILE = ios/WatchApprove/Info.plist;
				INFOPLIST_KEY_UILaunchScreen_Generation = YES;
				IPHONEOS_DEPLOYMENT_TARGET = 17.0;
				LD_RUNPATH_SEARCH_PATHS = (
					"$(inherited)",
					"@executable_path/Frameworks",
				);
				PRODUCT_BUNDLE_IDENTIFIER = com.yu.clawapp.WatchApprove;
				SDKROOT = iphoneos;
				TARGETED_DEVICE_FAMILY = 1;
			};
			name = Release;
		};
		8BC4AABCB667D7D8980DB064 /* Release */ = {
			isa = XCBuildConfiguration;
			buildSettings = {
				ASSETCATALOG_COMPILER_APPICON_NAME = AppIcon;
				CODE_SIGN_STYLE = Automatic;
				DEVELOPMENT_TEAM = HA6MF9H3F5;
				GENERATE_INFOPLIST_FILE = YES;
				INFOPLIST_FILE = ios/WatchApproveWatch/Info.plist;
				PRODUCT_BUNDLE_IDENTIFIER = com.yu.clawapp.WatchApprove.watchkitapp;
				SDKROOT = watchos;
				SKIP_INSTALL = YES;
				TARGETED_DEVICE_FAMILY = 4;
				WATCHOS_DEPLOYMENT_TARGET = 10.0;
			};
			name = Release;
		};
		918C6A9EC143C7B0D4AABC54 /* Debug */ = {
			isa = XCBuildConfiguration;
			buildSettings = {
				ALWAYS_SEARCH_USER_PATHS = NO;
				CLANG_ANALYZER_NONNULL = YES;
				CLANG_ANALYZER_NUMBER_OBJECT_CONVERSION = YES_AGGRESSIVE;
				CLANG_CXX_LANGUAGE_STANDARD = "gnu++14";
				CLANG_CXX_LIBRARY = "libc++";
				CLANG_ENABLE_MODULES = YES;
				CLANG_ENABLE_OBJC_ARC = YES;
				CLANG_ENABLE_OBJC_WEAK = YES;
				CLANG_WARN_BLOCK_CAPTURE_AUTORELEASING = YES;
				CLANG_WARN_BOOL_CONVERSION = YES;
				CLANG_WARN_COMMA = YES;
				CLANG_WARN_CONSTANT_CONVERSION = YES;
				CLANG_WARN_DEPRECATED_OBJC_IMPLEMENTATIONS = YES;
				CLANG_WARN_DIRECT_OBJC_ISA_USAGE = YES_ERROR;
				CLANG_WARN_DOCUMENTATION_COMMENTS = YES;
				CLANG_WARN_EMPTY_BODY = YES;
				CLANG_WARN_ENUM_CONVERSION = YES;
				CLANG_WARN_INFINITE_RECURSION = YES;
				CLANG_WARN_INT_CONVERSION = YES;
				CLANG_WARN_NON_LITERAL_NULL_CONVERSION = YES;
				CLANG_WARN_OBJC_IMPLICIT_RETAIN_SELF = YES;
				CLANG_WARN_OBJC_LITERAL_CONVERSION = YES;
				CLANG_WARN_OBJC_ROOT_CLASS = YES_ERROR;
				CLANG_WARN_QUOTED_INCLUDE_IN_FRAMEWORK_HEADER = YES;
				CLANG_WARN_RANGE_LOOP_ANALYSIS = YES;
				CLANG_WARN_STRICT_PROTOTYPES = YES;
				CLANG_WARN_SUSPICIOUS_MOVE = YES;
				CLANG_WARN_UNGUARDED_AVAILABILITY = YES_AGGRESSIVE;
				CLANG_WARN_UNREACHABLE_CODE = YES;
				CLANG_WARN__DUPLICATE_METHOD_MATCH = YES;
				COPY_PHASE_STRIP = NO;
				DEBUG_INFORMATION_FORMAT = dwarf;
				ENABLE_STRICT_OBJC_MSGSEND = YES;
				ENABLE_TESTABILITY = YES;
				GCC_C_LANGUAGE_STANDARD = gnu11;
				GCC_DYNAMIC_NO_PIC = NO;
				GCC_NO_COMMON_BLOCKS = YES;
				GCC_OPTIMIZATION_LEVEL = 0;
				GCC_PREPROCESSOR_DEFINITIONS = (
					"$(inherited)",
					"DEBUG=1",
				);
				GCC_WARN_64_TO_32_BIT_CONVERSION = YES;
				GCC_WARN_ABOUT_RETURN_TYPE = YES_ERROR;
				GCC_WARN_UNDECLARED_SELECTOR = YES;
				GCC_WARN_UNINITIALIZED_AUTOS = YES_AGGRESSIVE;
				GCC_WARN_UNUSED_FUNCTION = YES;
				GCC_WARN_UNUSED_VARIABLE = YES;
				MTL_ENABLE_DEBUG_INFO = INCLUDE_SOURCE;
				MTL_FAST_MATH = YES;
				ONLY_ACTIVE_ARCH = YES;
				PRODUCT_NAME = "$(TARGET_NAME)";
				SWIFT_ACTIVE_COMPILATION_CONDITIONS = DEBUG;
				SWIFT_OPTIMIZATION_LEVEL = "-Onone";
				SWIFT_VERSION = 5.0;
			};
			name = Debug;
		};
		A8E06A3757DBA880BBCED074 /* Debug */ = {
			isa = XCBuildConfiguration;
			buildSettings = {
				ASSETCATALOG_COMPILER_APPICON_NAME = AppIcon;
				CODE_SIGN_IDENTITY = "iPhone Developer";
				CODE_SIGN_STYLE = Automatic;
				DEVELOPMENT_TEAM = HA6MF9H3F5;
				GENERATE_INFOPLIST_FILE = YES;
				INFOPLIST_FILE = ios/WatchApprove/Info.plist;
				INFOPLIST_KEY_UILaunchScreen_Generation = YES;
				IPHONEOS_DEPLOYMENT_TARGET = 17.0;
				LD_RUNPATH_SEARCH_PATHS = (
					"$(inherited)",
					"@executable_path/Frameworks",
				);
				PRODUCT_BUNDLE_IDENTIFIER = com.yu.clawapp.WatchApprove;
				SDKROOT = iphoneos;
				TARGETED_DEVICE_FAMILY = 1;
			};
			name = Debug;
		};
		D7D8598E42EE79FE0F0DAFAF /* Release */ = {
			isa = XCBuildConfiguration;
			buildSettings = {
				ALWAYS_SEARCH_USER_PATHS = NO;
				CLANG_ANALYZER_NONNULL = YES;
				CLANG_ANALYZER_NUMBER_OBJECT_CONVERSION = YES_AGGRESSIVE;
				CLANG_CXX_LANGUAGE_STANDARD = "gnu++14";
				CLANG_CXX_LIBRARY = "libc++";
				CLANG_ENABLE_MODULES = YES;
				CLANG_ENABLE_OBJC_ARC = YES;
				CLANG_ENABLE_OBJC_WEAK = YES;
				CLANG_WARN_BLOCK_CAPTURE_AUTORELEASING = YES;
				CLANG_WARN_BOOL_CONVERSION = YES;
				CLANG_WARN_COMMA = YES;
				CLANG_WARN_CONSTANT_CONVERSION = YES;
				CLANG_WARN_DEPRECATED_OBJC_IMPLEMENTATIONS = YES;
				CLANG_WARN_DIRECT_OBJC_ISA_USAGE = YES_ERROR;
				CLANG_WARN_DOCUMENTATION_COMMENTS = YES;
				CLANG_WARN_EMPTY_BODY = YES;
				CLANG_WARN_ENUM_CONVERSION = YES;
				CLANG_WARN_INFINITE_RECURSION = YES;
				CLANG_WARN_INT_CONVERSION = YES;
				CLANG_WARN_NON_LITERAL_NULL_CONVERSION = YES;
				CLANG_WARN_OBJC_IMPLICIT_RETAIN_SELF = YES;
				CLANG_WARN_OBJC_LITERAL_CONVERSION = YES;
				CLANG_WARN_OBJC_ROOT_CLASS = YES_ERROR;
				CLANG_WARN_QUOTED_INCLUDE_IN_FRAMEWORK_HEADER = YES;
				CLANG_WARN_RANGE_LOOP_ANALYSIS = YES;
				CLANG_WARN_STRICT_PROTOTYPES = YES;
				CLANG_WARN_SUSPICIOUS_MOVE = YES;
				CLANG_WARN_UNGUARDED_AVAILABILITY = YES_AGGRESSIVE;
				CLANG_WARN_UNREACHABLE_CODE = YES;
				CLANG_WARN__DUPLICATE_METHOD_MATCH = YES;
				COPY_PHASE_STRIP = NO;
				DEBUG_INFORMATION_FORMAT = "dwarf-with-dsym";
				ENABLE_NS_ASSERTIONS = NO;
				ENABLE_STRICT_OBJC_MSGSEND = YES;
				GCC_C_LANGUAGE_STANDARD = gnu11;
				GCC_NO_COMMON_BLOCKS = YES;
				GCC_WARN_64_TO_32_BIT_CONVERSION = YES;
				GCC_WARN_ABOUT_RETURN_TYPE = YES_ERROR;
				GCC_WARN_UNDECLARED_SELECTOR = YES;
				GCC_WARN_UNINITIALIZED_AUTOS = YES_AGGRESSIVE;
				GCC_WARN_UNUSED_FUNCTION = YES;
				GCC_WARN_UNUSED_VARIABLE = YES;
				MTL_ENABLE_DEBUG_INFO = NO;
				MTL_FAST_MATH = YES;
				PRODUCT_NAME = "$(TARGET_NAME)";
				SWIFT_COMPILATION_MODE = wholemodule;
				SWIFT_OPTIMIZATION_LEVEL = "-O";
				SWIFT_VERSION = 5.0;
			};
			name = Release;
		};
		F60AD8FAE6F52C6669306DB5 /* Debug */ = {
			isa = XCBuildConfiguration;
			buildSettings = {
				ASSETCATALOG_COMPILER_APPICON_NAME = AppIcon;
				CODE_SIGN_STYLE = Automatic;
				DEVELOPMENT_TEAM = HA6MF9H3F5;
				GENERATE_INFOPLIST_FILE = YES;
				INFOPLIST_FILE = ios/WatchApproveWatch/Info.plist;
				PRODUCT_BUNDLE_IDENTIFIER = com.yu.clawapp.WatchApprove.watchkitapp;
				SDKROOT = watchos;
				SKIP_INSTALL = YES;
				TARGETED_DEVICE_FAMILY = 4;
				WATCHOS_DEPLOYMENT_TARGET = 10.0;
			};
			name = Debug;
		};
/* End XCBuildConfiguration section */

/* Begin XCConfigurationList section */
		152F1C4623B9789AC05DC70C /* Build configuration list for PBXProject "WatchApprove" */ = {
			isa = XCConfigurationList;
			buildConfigurations = (
				918C6A9EC143C7B0D4AABC54 /* Debug */,
				D7D8598E42EE79FE0F0DAFAF /* Release */,
			);
			defaultConfigurationIsVisible = 0;
			defaultConfigurationName = Debug;
		};
		5E6FDB4FFFFC4FD9C3F18E74 /* Build configuration list for PBXNativeTarget "WatchApprove" */ = {
			isa = XCConfigurationList;
			buildConfigurations = (
				A8E06A3757DBA880BBCED074 /* Debug */,
				83B8B0F7676EA82C4ED8317C /* Release */,
			);
			defaultConfigurationIsVisible = 0;
			defaultConfigurationName = Debug;
		};
		FC7817D1E0047957602CA01E /* Build configuration list for PBXNativeTarget "WatchApproveWatch" */ = {
			isa = XCConfigurationList;
			buildConfigurations = (
				F60AD8FAE6F52C6669306DB5 /* Debug */,
				8BC4AABCB667D7D8980DB064 /* Release */,
			);
			defaultConfigurationIsVisible = 0;
			defaultConfigurationName = Debug;
		};
/* End XCConfigurationList section */
	};
	rootObject = 49295282987F264558510D07 /* Project object */;
}
